{
  "name": "@doomrooms/player",
  "version": "0.0.3",
  "lockfileVersion": 1,
  "requires": true,
  "dependencies": {
    "@doomrooms/common": {
      "version": "0.0.4",
      "resolved": "https://registry.npmjs.org/@doomrooms/common/-/common-0.0.4.tgz",
      "integrity": "sha512-MdbD8pXZSlisMdYGm1hjJY1ST61yGIm7Nx3zhWz0cFnESWEvRia9DlwG+NxvHtth5HsyDxbDac8YNSbh8dd4vQ==",
      "requires": {
        "eventemitter3": "^3.1.0"
      }
    },
    "eventemitter3": {
      "version": "3.1.0",
      "resolved": "https://registry.npmjs.org/eventemitter3/-/eventemitter3-3.1.0.tgz",
      "integrity": "sha512-ivIvhpq/Y0uSjcHDcOIccjmYjGLcP09MFGE7ysAwkAvkXfpZlC985pH2/ui64DKazbTW/4kN3yqozUxlXzI6cA=="
    }
  }
}
